// !$*UTF8*$!
{
	archiveVersion = 1;
	classes = {
	};
	objectVersion = 50;
	objects = {

/* Begin PBXBuildFile section */
		9D12D3E922AEC3F1003F2A14 /* AppDelegate.swift in Sources */ = {isa = PBXBuildFile; fileRef = 9D12D3E822AEC3F1003F2A14 /* AppDelegate.swift */; };
		9D12D3EB22AEC3F1003F2A14 /* ViewController.swift in Sources */ = {isa = PBXBuildFile; fileRef = 9D12D3EA22AEC3F1003F2A14 /* ViewController.swift */; };
		9D12D3EE22AEC3F1003F2A14 /* Main.storyboard in Resources */ = {isa = PBXBuildFile; fileRef = 9D12D3EC22AEC3F1003F2A14 /* Main.storyboard */; };
		9D12D3F022AEC3F3003F2A14 /* Assets.xcassets in Resources */ = {isa = PBXBuildFile; fileRef = 9D12D3EF22AEC3F3003F2A14 /* Assets.xcassets */; };
		9D12D3F322AEC3F3003F2A14 /* LaunchScreen.storyboard in Resources */ = {isa = PBXBuildFile; fileRef = 9D12D3F122AEC3F3003F2A14 /* LaunchScreen.storyboard */; };
		9D12D3FB22AEC4AF003F2A14 /* JobInfo.swift in Sources */ = {isa = PBXBuildFile; fileRef = 9D12D3FA22AEC4AF003F2A14 /* JobInfo.swift */; };
		9D12D3FD22AECBFA003F2A14 /* CompanyInfo.swift in Sources */ = {isa = PBXBuildFile; fileRef = 9D12D3FC22AECBFA003F2A14 /* CompanyInfo.swift */; };
		9D12D3FF22AECD24003F2A14 /* Benefits.swift in Sources */ = {isa = PBXBuildFile; fileRef = 9D12D3FE22AECD24003F2A14 /* Benefits.swift */; };
		9D12D40122AED02C003F2A14 /* Job.swift in Sources */ = {isa = PBXBuildFile; fileRef = 9D12D40022AED02C003F2A14 /* Job.swift */; };
		9D12D40522B406DC003F2A14 /* Letter2.pdf in Resources */ = {isa = PBXBuildFile; fileRef = 9D12D40422B406DC003F2A14 /* Letter2.pdf */; };
		9D12D40722B43BF5003F2A14 /* Letter3.pdf in Resources */ = {isa = PBXBuildFile; fileRef = 9D12D40622B43BF5003F2A14 /* Letter3.pdf */; };
		9D12D40922B9529C003F2A14 /* Letter1.pdf in Resources */ = {isa = PBXBuildFile; fileRef = 9D12D40822B9529C003F2A14 /* Letter1.pdf */; };
		9D12D40B22B9543C003F2A14 /* Letter4.pdf in Resources */ = {isa = PBXBuildFile; fileRef = 9D12D40A22B9543C003F2A14 /* Letter4.pdf */; };
		9D12D40F22BA6F15003F2A14 /* Letter5.pdf in Resources */ = {isa = PBXBuildFile; fileRef = 9D12D40E22BA6F15003F2A14 /* Letter5.pdf */; };
		9D12D41822BAC164003F2A14 /* Letter7.pdf in Resources */ = {isa = PBXBuildFile; fileRef = 9D12D41222BAC164003F2A14 /* Letter7.pdf */; };
		9D12D41922BAC164003F2A14 /* Letter10.pdf in Resources */ = {isa = PBXBuildFile; fileRef = 9D12D41322BAC164003F2A14 /* Letter10.pdf */; };
		9D12D41A22BAC164003F2A14 /* Letter11.pdf in Resources */ = {isa = PBXBuildFile; fileRef = 9D12D41422BAC164003F2A14 /* Letter11.pdf */; };
/* End PBXBuildFile section */

/* Begin PBXFileReference section */
		9D12D3E522AEC3F1003F2A14 /* DataStructuresForApp.app */ = {isa = PBXFileReference; explicitFileType = wrapper.application; includeInIndex = 0; path = DataStructuresForApp.app; sourceTree = BUILT_PRODUCTS_DIR; };
		9D12D3E822AEC3F1003F2A14 /* AppDelegate.swift */ = {isa = PBXFileReference; lastKnownFileType = sourcecode.swift; path = AppDelegate.swift; sourceTree = "<group>"; };
		9D12D3EA22AEC3F1003F2A14 /* ViewController.swift */ = {isa = PBXFileReference; lastKnownFileType = sourcecode.swift; path = ViewController.swift; sourceTree = "<group>"; };
		9D12D3ED22AEC3F1003F2A14 /* Base */ = {isa = PBXFileReference; lastKnownFileType = file.storyboard; name = Base; path = Base.lproj/Main.storyboard; sourceTree = "<group>"; };
		9D12D3EF22AEC3F3003F2A14 /* Assets.xcassets */ = {isa = PBXFileReference; lastKnownFileType = folder.assetcatalog; path = Assets.xcassets; sourceTree = "<group>"; };
		9D12D3F222AEC3F3003F2A14 /* Base */ = {isa = PBXFileReference; lastKnownFileType = file.storyboard; name = Base; path = Base.lproj/LaunchScreen.storyboard; sourceTree = "<group>"; };
		9D12D3F422AEC3F3003F2A14 /* Info.plist */ = {isa = PBXFileReference; lastKnownFileType = text.plist.xml; path = Info.plist; sourceTree = "<group>"; };
		9D12D3FA22AEC4AF003F2A14 /* JobInfo.swift */ = {isa = PBXFileReference; lastKnownFileType = sourcecode.swift; path = JobInfo.swift; sourceTree = "<group>"; };
		9D12D3FC22AECBFA003F2A14 /* CompanyInfo.swift */ = {isa = PBXFileReference; lastKnownFileType = sourcecode.swift; path = CompanyInfo.swift; sourceTree = "<group>"; };
		9D12D3FE22AECD24003F2A14 /* Benefits.swift */ = {isa = PBXFileReference; lastKnownFileType = sourcecode.swift; path = Benefits.swift; sourceTree = "<group>"; };
		9D12D40022AED02C003F2A14 /* Job.swift */ = {isa = PBXFileReference; lastKnownFileType = sourcecode.swift; path = Job.swift; sourceTree = "<group>"; };
		9D12D40422B406DC003F2A14 /* Letter2.pdf */ = {isa = PBXFileReference; lastKnownFileType = image.pdf; path = Letter2.pdf; sourceTree = "<group>"; };
		9D12D40622B43BF5003F2A14 /* Letter3.pdf */ = {isa = PBXFileReference; lastKnownFileType = image.pdf; path = Letter3.pdf; sourceTree = "<group>"; };
		9D12D40822B9529C003F2A14 /* Letter1.pdf */ = {isa = PBXFileReference; lastKnownFileType = image.pdf; path = Letter1.pdf; sourceTree = "<group>"; };
		9D12D40A22B9543C003F2A14 /* Letter4.pdf */ = {isa = PBXFileReference; lastKnownFileType = image.pdf; path = Letter4.pdf; sourceTree = "<group>"; };
		9D12D40E22BA6F15003F2A14 /* Letter5.pdf */ = {isa = PBXFileReference; lastKnownFileType = image.pdf; path = Letter5.pdf; sourceTree = "<group>"; };
		9D12D41222BAC164003F2A14 /* Letter7.pdf */ = {isa = PBXFileReference; lastKnownFileType = image.pdf; path = Letter7.pdf; sourceTree = "<group>"; };
		9D12D41322BAC164003F2A14 /* Letter10.pdf */ = {isa = PBXFileReference; lastKnownFileType = image.pdf; path = Letter10.pdf; sourceTree = "<group>"; };
		9D12D41422BAC164003F2A14 /* Letter11.pdf */ = {isa = PBXFileReference; lastKnownFileType = image.pdf; path = Letter11.pdf; sourceTree = "<group>"; };
/* End PBXFileReference section */

/* Begin PBXFrameworksBuildPhase section */
		9D12D3E222AEC3F1003F2A14 /* Frameworks */ = {
			isa = PBXFrameworksBuildPhase;
			buildActionMask = 2147483647;
			files = (
			);
			runOnlyForDeploymentPostprocessing = 0;
		};
/* End PBXFrameworksBuildPhase section */

/* Begin PBXGroup section */
		9D12D3DC22AEC3F1003F2A14 = {
			isa = PBXGroup;
			children = (
				9D12D3E722AEC3F1003F2A14 /* DataStructuresForApp */,
				9D12D3E622AEC3F1003F2A14 /* Products */,
			);
			sourceTree = "<group>";
		};
		9D12D3E622AEC3F1003F2A14 /* Products */ = {
			isa = PBXGroup;
			children = (
				9D12D3E522AEC3F1003F2A14 /* DataStructuresForApp.app */,
			);
			name = Products;
			sourceTree = "<group>";
		};
		9D12D3E722AEC3F1003F2A14 /* DataStructuresForApp */ = {
			isa = PBXGroup;
			children = (
				9D12D3E822AEC3F1003F2A14 /* AppDelegate.swift */,
				9D12D3EA22AEC3F1003F2A14 /* ViewController.swift */,
				9D12D3EC22AEC3F1003F2A14 /* Main.storyboard */,
				9D12D3EF22AEC3F3003F2A14 /* Assets.xcassets */,
				9D12D3F122AEC3F3003F2A14 /* LaunchScreen.storyboard */,
				9D12D3F422AEC3F3003F2A14 /* Info.plist */,
				9D12D3FA22AEC4AF003F2A14 /* JobInfo.swift */,
				9D12D3FC22AECBFA003F2A14 /* CompanyInfo.swift */,
				9D12D3FE22AECD24003F2A14 /* Benefits.swift */,
				9D12D40022AED02C003F2A14 /* Job.swift */,
				9D12D40822B9529C003F2A14 /* Letter1.pdf */,
				9D12D40422B406DC003F2A14 /* Letter2.pdf */,
				9D12D40622B43BF5003F2A14 /* Letter3.pdf */,
				9D12D40A22B9543C003F2A14 /* Letter4.pdf */,
				9D12D40E22BA6F15003F2A14 /* Letter5.pdf */,
				9D12D41222BAC164003F2A14 /* Letter7.pdf */,
				9D12D41322BAC164003F2A14 /* Letter10.pdf */,
				9D12D41422BAC164003F2A14 /* Letter11.pdf */,
			);
			path = DataStructuresForApp;
			sourceTree = "<group>";
		};
/* End PBXGroup section */

/* Begin PBXNativeTarget section */
		9D12D3E422AEC3F1003F2A14 /* DataStructuresForApp */ = {
			isa = PBXNativeTarget;
			buildConfigurationList = 9D12D3F722AEC3F3003F2A14 /* Build configuration list for PBXNativeTarget "DataStructuresForApp" */;
			buildPhases = (
				9D12D3E122AEC3F1003F2A14 /* Sources */,
				9D12D3E222AEC3F1003F2A14 /* Frameworks */,
				9D12D3E322AEC3F1003F2A14 /* Resources */,
			);
			buildRules = (
			);
			dependencies = (
			);
			name = DataStructuresForApp;
			productName = DataStructuresForApp;
			productReference = 9D12D3E522AEC3F1003F2A14 /* DataStructuresForApp.app */;
			productType = "com.apple.product-type.application";
		};
/* End PBXNativeTarget section */

/* Begin PBXProject section */
		9D12D3DD22AEC3F1003F2A14 /* Project object */ = {
			isa = PBXProject;
			attributes = {
				LastSwiftUpdateCheck = 1020;
				LastUpgradeCheck = 1020;
				ORGANIZATIONNAME = "Jared Anderson";
				TargetAttributes = {
					9D12D3E422AEC3F1003F2A14 = {
						CreatedOnToolsVersion = 10.2.1;
					};
				};
			};
			buildConfigurationList = 9D12D3E022AEC3F1003F2A14 /* Build configuration list for PBXProject "DataStructuresForApp" */;
			compatibilityVersion = "Xcode 9.3";
			developmentRegion = en;
			hasScannedForEncodings = 0;
			knownRegions = (
				en,
				Base,
			);
			mainGroup = 9D12D3DC22AEC3F1003F2A14;
			productRefGroup = 9D12D3E622AEC3F1003F2A14 /* Products */;
			projectDirPath = "";
			projectRoot = "";
			targets = (
				9D12D3E422AEC3F1003F2A14 /* DataStructuresForApp */,
			);
		};
/* End PBXProject section */

/* Begin PBXResourcesBuildPhase section */
		9D12D3E322AEC3F1003F2A14 /* Resources */ = {
			isa = PBXResourcesBuildPhase;
			buildActionMask = 2147483647;
			files = (
				9D12D40F22BA6F15003F2A14 /* Letter5.pdf in Resources */,
				9D12D41922BAC164003F2A14 /* Letter10.pdf in Resources */,
				9D12D3F322AEC3F3003F2A14 /* LaunchScreen.storyboard in Resources */,
				9D12D41822BAC164003F2A14 /* Letter7.pdf in Resources */,
				9D12D3F022AEC3F3003F2A14 /* Assets.xcassets in Resources */,
				9D12D41A22BAC164003F2A14 /* Letter11.pdf in Resources */,
				9D12D40B22B9543C003F2A14 /* Letter4.pdf in Resources */,
				9D12D40522B406DC003F2A14 /* Letter2.pdf in Resources */,
				9D12D40722B43BF5003F2A14 /* Letter3.pdf in Resources */,
				9D12D40922B9529C003F2A14 /* Letter1.pdf in Resources */,
				9D12D3EE22AEC3F1003F2A14 /* Main.storyboard in Resources */,
			);
			runOnlyForDeploymentPostprocessing = 0;
		};
/* End PBXResourcesBuildPhase section */

/* Begin PBXSourcesBuildPhase section */
		9D12D3E122AEC3F1003F2A14 /* Sources */ = {
			isa = PBXSourcesBuildPhase;
			buildActionMask = 2147483647;
			files = (
				9D12D3EB22AEC3F1003F2A14 /* ViewController.swift in Sources */,
				9D12D40122AED02C003F2A14 /* Job.swift in Sources */,
				9D12D3E922AEC3F1003F2A14 /* AppDelegate.swift in Sources */,
				9D12D3FB22AEC4AF003F2A14 /* JobInfo.swift in Sources */,
				9D12D3FD22AECBFA003F2A14 /* CompanyInfo.swift in Sources */,
				9D12D3FF22AECD24003F2A14 /* Benefits.swift in Sources */,
			);
			runOnlyForDeploymentPostprocessing = 0;
		};
/* End PBXSourcesBuildPhase section */

/* Begin PBXVariantGroup section */
		9D12D3EC22AEC3F1003F2A14 /* Main.storyboard */ = {
			isa = PBXVariantGroup;
			children = (
				9D12D3ED22AEC3F1003F2A14 /* Base */,
			);
			name = Main.storyboard;
			sourceTree = "<group>";
		};
		9D12D3F122AEC3F3003F2A14 /* LaunchScreen.storyboard */ = {
			isa = PBXVariantGroup;
			children = (
				9D12D3F222AEC3F3003F2A14 /* Base */,
			);
			name = LaunchScreen.storyboard;
			sourceTree = "<group>";
		};
/* End PBXVariantGroup section */

/* Begin XCBuildConfiguration section */
		9D12D3F522AEC3F3003F2A14 /* Debug */ = {
			isa = XCBuildConfiguration;
			buildSettings = {
				ALWAYS_SEARCH_USER_PATHS = NO;
				CLANG_ANALYZER_NONNULL = YES;
				CLANG_ANALYZER_NUMBER_OBJECT_CONVERSION = YES_AGGRESSIVE;
				CLANG_CXX_LANGUAGE_STANDARD = "gnu++14";
				CLANG_CXX_LIBRARY = "libc++";
				CLANG_ENABLE_MODULES = YES;
				CLANG_ENABLE_OBJC_ARC = YES;
				CLANG_ENABLE_OBJC_WEAK = YES;
				CLANG_WARN_BLOCK_CAPTURE_AUTORELEASING = YES;
				CLANG_WARN_BOOL_CONVERSION = YES;
				CLANG_WARN_COMMA = YES;
				CLANG_WARN_CONSTANT_CONVERSION = YES;
				CLANG_WARN_DEPRECATED_OBJC_IMPLEMENTATIONS = YES;
				CLANG_WARN_DIRECT_OBJC_ISA_USAGE = YES_ERROR;
				CLANG_WARN_DOCUMENTATION_COMMENTS = YES;
				CLANG_WARN_EMPTY_BODY = YES;
				CLANG_WARN_ENUM_CONVERSION = YES;
				CLANG_WARN_INFINITE_RECURSION = YES;
				CLANG_WARN_INT_CONVERSION = YES;
				CLANG_WARN_NON_LITERAL_NULL_CONVERSION = YES;
				CLANG_WARN_OBJC_IMPLICIT_RETAIN_SELF = YES;
				CLANG_WARN_OBJC_LITERAL_CONVERSION = YES;
				CLANG_WARN_OBJC_ROOT_CLASS = YES_ERROR;
				CLANG_WARN_RANGE_LOOP_ANALYSIS = YES;
				CLANG_WARN_STRICT_PROTOTYPES = YES;
				CLANG_WARN_SUSPICIOUS_MOVE = YES;
				CLANG_WARN_UNGUARDED_AVAILABILITY = YES_AGGRESSIVE;
				CLANG_WARN_UNREACHABLE_CODE = YES;
				CLANG_WARN__DUPLICATE_METHOD_MATCH = YES;
				CODE_SIGN_IDENTITY = "iPhone Developer";
				COPY_PHASE_STRIP = NO;
				DEBUG_INFORMATION_FORMAT = dwarf;
				ENABLE_STRICT_OBJC_MSGSEND = YES;
				ENABLE_TESTABILITY = YES;
				GCC_C_LANGUAGE_STANDARD = gnu11;
				GCC_DYNAMIC_NO_PIC = NO;
				GCC_NO_COMMON_BLOCKS = YES;
				GCC_OPTIMIZATION_LEVEL = 0;
				GCC_PREPROCESSOR_DEFINITIONS = (
					"DEBUG=1",
					"$(inherited)",
				);
				GCC_WARN_64_TO_32_BIT_CONVERSION = YES;
				GCC_WARN_ABOUT_RETURN_TYPE = YES_ERROR;
				GCC_WARN_UNDECLARED_SELECTOR = YES;
				GCC_WARN_UNINITIALIZED_AUTOS = YES_AGGRESSIVE;
				GCC_WARN_UNUSED_FUNCTION = YES;
				GCC_WARN_UNUSED_VARIABLE = YES;
				IPHONEOS_DEPLOYMENT_TARGET = 12.2;
				MTL_ENABLE_DEBUG_INFO = INCLUDE_SOURCE;
				MTL_FAST_MATH = YES;
				ONLY_ACTIVE_ARCH = YES;
				SDKROOT = iphoneos;
				SWIFT_ACTIVE_COMPILATION_CONDITIONS = DEBUG;
				SWIFT_OPTIMIZATION_LEVEL = "-Onone";
			};
			name = Debug;
		};
		9D12D3F622AEC3F3003F2A14 /* Release */ = {
			isa = XCBuildConfiguration;
			buildSettings = {
				ALWAYS_SEARCH_USER_PATHS = NO;
				CLANG_ANALYZER_NONNULL = YES;
				CLANG_ANALYZER_NUMBER_OBJECT_CONVERSION = YES_AGGRESSIVE;
				CLANG_CXX_LANGUAGE_STANDARD = "gnu++14";
				CLANG_CXX_LIBRARY = "libc++";
				CLANG_ENABLE_MODULES = YES;
				CLANG_ENABLE_OBJC_ARC = YES;
				CLANG_ENABLE_OBJC_WEAK = YES;
				CLANG_WARN_BLOCK_CAPTURE_AUTORELEASING = YES;
				CLANG_WARN_BOOL_CONVERSION = YES;
				CLANG_WARN_COMMA = YES;
				CLANG_WARN_CONSTANT_CONVERSION = YES;
				CLANG_WARN_DEPRECATED_OBJC_IMPLEMENTATIONS = YES;
				CLANG_WARN_DIRECT_OBJC_ISA_USAGE = YES_ERROR;
				CLANG_WARN_DOCUMENTATION_COMMENTS = YES;
				CLANG_WARN_EMPTY_BODY = YES;
				CLANG_WARN_ENUM_CONVERSION = YES;
				CLANG_WARN_INFINITE_RECURSION = YES;
				CLANG_WARN_INT_CONVERSION = YES;
				CLANG_WARN_NON_LITERAL_NULL_CONVERSION = YES;
				CLANG_WARN_OBJC_IMPLICIT_RETAIN_SELF = YES;
				CLANG_WARN_OBJC_LITERAL_CONVERSION = YES;
				CLANG_WARN_OBJC_ROOT_CLASS = YES_ERROR;
				CLANG_WARN_RANGE_LOOP_ANALYSIS = YES;
				CLANG_WARN_STRICT_PROTOTYPES = YES;
				CLANG_WARN_SUSPICIOUS_MOVE = YES;
				CLANG_WARN_UNGUARDED_AVAILABILITY = YES_AGGRESSIVE;
				CLANG_WARN_UNREACHABLE_CODE = YES;
				CLANG_WARN__DUPLICATE_METHOD_MATCH = YES;
				CODE_SIGN_IDENTITY = "iPhone Developer";
				COPY_PHASE_STRIP = NO;
				DEBUG_INFORMATION_FORMAT = "dwarf-with-dsym";
				ENABLE_NS_ASSERTIONS = NO;
				ENABLE_STRICT_OBJC_MSGSEND = YES;
				GCC_C_LANGUAGE_STANDARD = gnu11;
				GCC_NO_COMMON_BLOCKS = YES;
				GCC_WARN_64_TO_32_BIT_CONVERSION = YES;
				GCC_WARN_ABOUT_RETURN_TYPE = YES_ERROR;
				GCC_WARN_UNDECLARED_SELECTOR = YES;
				GCC_WARN_UNINITIALIZED_AUTOS = YES_AGGRESSIVE;
				GCC_WARN_UNUSED_FUNCTION = YES;
				GCC_WARN_UNUSED_VARIABLE = YES;
				IPHONEOS_DEPLOYMENT_TARGET = 12.2;
				MTL_ENABLE_DEBUG_INFO = NO;
				MTL_FAST_MATH = YES;
				SDKROOT = iphoneos;
				SWIFT_COMPILATION_MODE = wholemodule;
				SWIFT_OPTIMIZATION_LEVEL = "-O";
				VALIDATE_PRODUCT = YES;
			};
			name = Release;
		};
		9D12D3F822AEC3F3003F2A14 /* Debug */ = {
			isa = XCBuildConfiguration;
			buildSettings = {
				ASSETCATALOG_COMPILER_APPICON_NAME = AppIcon;
				CODE_SIGN_STYLE = Automatic;
				DEVELOPMENT_TEAM = ZMFAWG8ABU;
				INFOPLIST_FILE = DataStructuresForApp/Info.plist;
				LD_RUNPATH_SEARCH_PATHS = (
					"$(inherited)",
					"@executable_path/Frameworks",
				);
				PRODUCT_BUNDLE_IDENTIFIER = com.JaredAnderson.DataStructuresForApp;
				PRODUCT_NAME = "$(TARGET_NAME)";
				SWIFT_VERSION = 5.0;
				TARGETED_DEVICE_FAMILY = "1,2";
			};
			name = Debug;
		};
		9D12D3F922AEC3F3003F2A14 /* Release */ = {
			isa = XCBuildConfiguration;
			buildSettings = {
				ASSETCATALOG_COMPILER_APPICON_NAME = AppIcon;
				CODE_SIGN_STYLE = Automatic;
				DEVELOPMENT_TEAM = ZMFAWG8ABU;
				INFOPLIST_FILE = DataStructuresForApp/Info.plist;
				LD_RUNPATH_SEARCH_PATHS = (
					"$(inherited)",
					"@executable_path/Frameworks",
				);
				PRODUCT_BUNDLE_IDENTIFIER = com.JaredAnderson.DataStructuresForApp;
				PRODUCT_NAME = "$(TARGET_NAME)";
				SWIFT_VERSION = 5.0;
				TARGETED_DEVICE_FAMILY = "1,2";
			};
			name = Release;
		};
/* End XCBuildConfiguration section */

/* Begin XCConfigurationList section */
		9D12D3E022AEC3F1003F2A14 /* Build configuration list for PBXProject "DataStructuresForApp" */ = {
			isa = XCConfigurationList;
			buildConfigurations = (
				9D12D3F522AEC3F3003F2A14 /* Debug */,
				9D12D3F622AEC3F3003F2A14 /* Release */,
			);
			defaultConfigurationIsVisible = 0;
			defaultConfigurationName = Release;
		};
		9D12D3F722AEC3F3003F2A14 /* Build configuration list for PBXNativeTarget "DataStructuresForApp" */ = {
			isa = XCConfigurationList;
			buildConfigurations = (
				9D12D3F822AEC3F3003F2A14 /* Debug */,
				9D12D3F922AEC3F3003F2A14 /* Release */,
			);
			defaultConfigurationIsVisible = 0;
			defaultConfigurationName = Release;
		};
/* End XCConfigurationList section */
	};
	rootObject = 9D12D3DD22AEC3F1003F2A14 /* Project object */;
}
